
Microsoft Visual Studio Solution File, Format Version 12.00
# Visual Studio 15
VisualStudioVersion = 15.0.28307.168
MinimumVisualStudioVersion = 10.0.40219.1
Project("{FAE04EC0-301F-11D3-BF4B-00C04F79EFBC}") = "program", "program\program.csproj", "{8BE527C8-1B19-4B6B-AD6E-DA0A604FAA56}"
EndProject
Global
	GlobalSection(SolutionConfigurationPlatforms) = preSolution
		Debug|Any CPU = Debug|Any CPU
		Release|Any CPU = Release|Any CPU
	EndGlobalSection
	GlobalSection(ProjectConfigurationPlatforms) = postSolution
		{8BE527C8-1B19-4B6B-AD6E-DA0A604FAA56}.Debug|Any CPU.ActiveCfg = Debug|Any CPU
		{8BE527C8-1B19-4B6B-AD6E-DA0A604FAA56}.Debug|Any CPU.Build.0 = Debug|Any CPU
		{8BE527C8-1B19-4B6B-AD6E-DA0A604FAA56}.Release|Any CPU.ActiveCfg = Release|Any CPU
		{8BE527C8-1B19-4B6B-AD6E-DA0A604FAA56}.Release|Any CPU.Build.0 = Release|Any CPU
	EndGlobalSection
	GlobalSection(SolutionProperties) = preSolution
		HideSolutionNode = FALSE
	EndGlobalSection
	GlobalSection(ExtensibilityGlobals) = postSolution
		SolutionGuid = {54CE139D-04BC-4C1B-A858-67C8C5C58616}
	EndGlobalSection
EndGlobal
